github.com/deepflowys/deepflow/server v0.0.0-20221201083908-e8544afb12db h1:nE/WZk8Icwq/846KRS0DbG32+glYLdO5FEuQiPWYfHA=
github.com/deepflowys/deepflow/server v0.0.0-20221201083908-e8544afb12db/go.mod h1:TWUGED/50+lsFPUNPP1AGwidLg77nCwDIzz5XVJ+A+I=
github.com/deepflowys/deepflow/server v0.0.0-20221202020932-2abfc598aaba h1:uVNFMzJpTDScSgKdXsJiTzx7VyWeeYd4cIVn/jkHknk=
github.com/deepflowys/deepflow/server v0.0.0-20221202020932-2abfc598aaba/go.mod h1:J9zD0Pw96xnlltMWbXR4PyRpfx1PcpTxx/zx1jsTzCw=
